
Microsoft Visual Studio Solution File, Format Version 12.00
# Visual Studio Version 17
VisualStudioVersion = 17.5.33627.172
MinimumVisualStudioVersion = 10.0.40219.1
Project("{FAE04EC0-301F-11D3-BF4B-00C04F79EFBC}") = "Frontend", "Frontend\Frontend.csproj", "{1B0826FB-ECAD-4811-BA32-12840BCEA97C}"
EndProject
Project("{FAE04EC0-301F-11D3-BF4B-00C04F79EFBC}") = "Backend", "Backend\Backend.csproj", "{2E38394B-22E5-4FDA-B1AE-058569A81654}"
EndProject
Global
	GlobalSection(SolutionConfigurationPlatforms) = preSolution
		Debug|Any CPU = Debug|Any CPU
		Release|Any CPU = Release|Any CPU
	EndGlobalSection
	GlobalSection(ProjectConfigurationPlatforms) = postSolution
		{1B0826FB-ECAD-4811-BA32-12840BCEA97C}.Debug|Any CPU.ActiveCfg = Debug|Any CPU
		{1B0826FB-ECAD-4811-BA32-12840BCEA97C}.Debug|Any CPU.Build.0 = Debug|Any CPU
		{1B0826FB-ECAD-4811-BA32-12840BCEA97C}.Release|Any CPU.ActiveCfg = Release|Any CPU
		{1B0826FB-ECAD-4811-BA32-12840BCEA97C}.Release|Any CPU.Build.0 = Release|Any CPU
		{2E38394B-22E5-4FDA-B1AE-058569A81654}.Debug|Any CPU.ActiveCfg = Debug|Any CPU
		{2E38394B-22E5-4FDA-B1AE-058569A81654}.Debug|Any CPU.Build.0 = Debug|Any CPU
		{2E38394B-22E5-4FDA-B1AE-058569A81654}.Release|Any CPU.ActiveCfg = Release|Any CPU
		{2E38394B-22E5-4FDA-B1AE-058569A81654}.Release|Any CPU.Build.0 = Release|Any CPU
	EndGlobalSection
	GlobalSection(SolutionProperties) = preSolution
		HideSolutionNode = FALSE
	EndGlobalSection
	GlobalSection(ExtensibilityGlobals) = postSolution
		SolutionGuid = {CF556228-9F75-44D0-8DA1-64A7AD081B3A}
	EndGlobalSection
EndGlobal
